
Microsoft Visual Studio Solution File, Format Version 12.00
# Visual Studio Version 17
VisualStudioVersion = 17.0.32014.148
MinimumVisualStudioVersion = 10.0.40219.1
Project("{9A19103F-16F7-4668-BE54-9A1E7A4F7556}") = "Resolver", "Resolver.csproj", "{EA0427A3-C47F-4F44-A783-5B612F3C7616}"
EndProject
Global
	GlobalSection(SolutionConfigurationPlatforms) = preSolution
		Debug|Any CPU = Debug|Any CPU
		Release|Any CPU = Release|Any CPU
	EndGlobalSection
	GlobalSection(ProjectConfigurationPlatforms) = postSolution
		{EA0427A3-C47F-4F44-A783-5B612F3C7616}.Debug|Any CPU.ActiveCfg = Release|Any CPU
		{EA0427A3-C47F-4F44-A783-5B612F3C7616}.Debug|Any CPU.Build.0 = Release|Any CPU
		{EA0427A3-C47F-4F44-A783-5B612F3C7616}.Release|Any CPU.ActiveCfg = Release|Any CPU
		{EA0427A3-C47F-4F44-A783-5B612F3C7616}.Release|Any CPU.Build.0 = Release|Any CPU
	EndGlobalSection
	GlobalSection(SolutionProperties) = preSolution
		HideSolutionNode = FALSE
	EndGlobalSection
	GlobalSection(ExtensibilityGlobals) = postSolution
		SolutionGuid = {5A861B61-DEF5-4196-9E31-0D0F653AE94E}
	EndGlobalSection
EndGlobal
